<Solution>
  <Folder Name="/core/">
    <Project Path="core/HearthstoneCardSearchTool.Core.csproj" />
  </Folder>
  <Folder Name="/tests/">
    <Project Path="tests/HearthstoneCardSearchTool.Tests.csproj" />
  </Folder>
  <Folder Name="/webapp/">
    <Project Path="webapp/HearthstoneCardSearchTool.Web.csproj" />
  </Folder>
</Solution>
